
Microsoft Visual Studio Solution File, Format Version 12.00
# Visual Studio Version 17
VisualStudioVersion = 17.14.37216.2 d17.14
MinimumVisualStudioVersion = 10.0.40219.1
Project("{FAE04EC0-301F-11D3-BF4B-00C04F79EFBC}") = "WebApplication1", "WebApplication1.csproj", "{00F70B0F-110C-4DC7-A8CF-F08FFBEAE5EC}"
EndProject
Global
	GlobalSection(SolutionConfigurationPlatforms) = preSolution
		Debug|Any CPU = Debug|Any CPU
		Release|Any CPU = Release|Any CPU
	EndGlobalSection
	GlobalSection(ProjectConfigurationPlatforms) = postSolution
		{00F70B0F-110C-4DC7-A8CF-F08FFBEAE5EC}.Debug|Any CPU.ActiveCfg = Debug|Any CPU
		{00F70B0F-110C-4DC7-A8CF-F08FFBEAE5EC}.Debug|Any CPU.Build.0 = Debug|Any CPU
		{00F70B0F-110C-4DC7-A8CF-F08FFBEAE5EC}.Release|Any CPU.ActiveCfg = Release|Any CPU
		{00F70B0F-110C-4DC7-A8CF-F08FFBEAE5EC}.Release|Any CPU.Build.0 = Release|Any CPU
	EndGlobalSection
	GlobalSection(SolutionProperties) = preSolution
		HideSolutionNode = FALSE
	EndGlobalSection
	GlobalSection(ExtensibilityGlobals) = postSolution
		SolutionGuid = {7AE4629F-4D91-4E4D-B294-A1080FFA2086}
	EndGlobalSection
EndGlobal
